
Microsoft Visual Studio Solution File, Format Version 12.00
# Visual Studio 14
VisualStudioVersion = 14.0.24720.0
MinimumVisualStudioVersion = 10.0.40219.1
Project("{D954291E-2A0B-460D-934E-DC6B0785DB48}") = "Configuration.Shared", "Configuration.Shared\Configuration.Shared.shproj", "{04C0736A-1543-458B-B0B1-05B394F60D32}"
EndProject
Project("{FAE04EC0-301F-11D3-BF4B-00C04F79EFBC}") = "Configuration.Abstractions.Net45", "Configuration.Abstractions.Net45\Configuration.Abstractions.Net45.csproj", "{439416E1-1961-4681-A184-8EA1EEE68970}"
EndProject
Project("{FAE04EC0-301F-11D3-BF4B-00C04F79EFBC}") = "Configuration.Abstractions.Portable", "Configuration.Abstractions.Portable\Configuration.Abstractions.Portable.csproj", "{C4DE6EEF-D189-4A7F-B64D-2CC011245244}"
EndProject
Global
	GlobalSection(SharedMSBuildProjectFiles) = preSolution
		Configuration.Shared\Configuration.Shared.projitems*{439416e1-1961-4681-a184-8ea1eee68970}*SharedItemsImports = 4
		Configuration.Shared\Configuration.Shared.projitems*{04c0736a-1543-458b-b0b1-05b394f60d32}*SharedItemsImports = 13
		Configuration.Shared\Configuration.Shared.projitems*{c4de6eef-d189-4a7f-b64d-2cc011245244}*SharedItemsImports = 4
	EndGlobalSection
	GlobalSection(SolutionConfigurationPlatforms) = preSolution
		Debug|Any CPU = Debug|Any CPU
		Release|Any CPU = Release|Any CPU
	EndGlobalSection
	GlobalSection(ProjectConfigurationPlatforms) = postSolution
		{439416E1-1961-4681-A184-8EA1EEE68970}.Debug|Any CPU.ActiveCfg = Debug|Any CPU
		{439416E1-1961-4681-A184-8EA1EEE68970}.Debug|Any CPU.Build.0 = Debug|Any CPU
		{439416E1-1961-4681-A184-8EA1EEE68970}.Release|Any CPU.ActiveCfg = Release|Any CPU
		{439416E1-1961-4681-A184-8EA1EEE68970}.Release|Any CPU.Build.0 = Release|Any CPU
		{C4DE6EEF-D189-4A7F-B64D-2CC011245244}.Debug|Any CPU.ActiveCfg = Debug|Any CPU
		{C4DE6EEF-D189-4A7F-B64D-2CC011245244}.Debug|Any CPU.Build.0 = Debug|Any CPU
		{C4DE6EEF-D189-4A7F-B64D-2CC011245244}.Release|Any CPU.ActiveCfg = Release|Any CPU
		{C4DE6EEF-D189-4A7F-B64D-2CC011245244}.Release|Any CPU.Build.0 = Release|Any CPU
	EndGlobalSection
	GlobalSection(SolutionProperties) = preSolution
		HideSolutionNode = FALSE
	EndGlobalSection
EndGlobal
